// !$*UTF8*$!
{
	archiveVersion = 1;
	classes = {
	};
	objectVersion = 48;
	objects = {

/* Begin PBXBuildFile section */
		84C0004D1FD6D16900FD5AA5 /* SeriesDefaultTableViewCell.swift in Sources */ = {isa = PBXBuildFile; fileRef = 84C0004C1FD6D16900FD5AA5 /* SeriesDefaultTableViewCell.swift */; };
		84C0004F1FD6D24700FD5AA5 /* SeriesViewController.swift in Sources */ = {isa = PBXBuildFile; fileRef = 84C0004E1FD6D24700FD5AA5 /* SeriesViewController.swift */; };
		84C000511FD6E89D00FD5AA5 /* SeasonViewController.swift in Sources */ = {isa = PBXBuildFile; fileRef = 84C000501FD6E89D00FD5AA5 /* SeasonViewController.swift */; };
		84C000531FD7FF1D00FD5AA5 /* SeasonDefaultTableViewCell.swift in Sources */ = {isa = PBXBuildFile; fileRef = 84C000521FD7FF1C00FD5AA5 /* SeasonDefaultTableViewCell.swift */; };
		84E0593B1FD8039B003C3B72 /* EpisodeTableViewCell.swift in Sources */ = {isa = PBXBuildFile; fileRef = 84E0593A1FD8039B003C3B72 /* EpisodeTableViewCell.swift */; };
		84FD6DA31FD443E900F46AED /* MovieDefaultTableViewCell.swift in Sources */ = {isa = PBXBuildFile; fileRef = 84FD6DA21FD443E900F46AED /* MovieDefaultTableViewCell.swift */; };
		F7428A681FBF57EA00980FF3 /* FeaturedResultsViewController.swift in Sources */ = {isa = PBXBuildFile; fileRef = F7428A671FBF57EA00980FF3 /* FeaturedResultsViewController.swift */; };
		F7428A6A1FBF583E00980FF3 /* FeaturedMovieTableViewCell.swift in Sources */ = {isa = PBXBuildFile; fileRef = F7428A691FBF583E00980FF3 /* FeaturedMovieTableViewCell.swift */; };
		F7428A6C1FBF584C00980FF3 /* FeaturedSeriesTableViewCell.swift in Sources */ = {isa = PBXBuildFile; fileRef = F7428A6B1FBF584C00980FF3 /* FeaturedSeriesTableViewCell.swift */; };
		F770672B1FB5978500905F97 /* Extensions.swift in Sources */ = {isa = PBXBuildFile; fileRef = F770672A1FB5978500905F97 /* Extensions.swift */; };
		F7A11FB51FBB78C1006BAF2A /* FeaturedTableViewCell.swift in Sources */ = {isa = PBXBuildFile; fileRef = F7A11FB41FBB78C1006BAF2A /* FeaturedTableViewCell.swift */; };
		F7BA07F11FC2E5B0005F8DE5 /* MoviesViewController.swift in Sources */ = {isa = PBXBuildFile; fileRef = F7BA07F01FC2E5B0005F8DE5 /* MoviesViewController.swift */; };
		F7BA07F31FC2E5DE005F8DE5 /* MoviesCollectionViewCell.swift in Sources */ = {isa = PBXBuildFile; fileRef = F7BA07F21FC2E5DE005F8DE5 /* MoviesCollectionViewCell.swift */; };
		F7BA07F51FC2F1F2005F8DE5 /* SeriesesViewController.swift in Sources */ = {isa = PBXBuildFile; fileRef = F7BA07F41FC2F1F2005F8DE5 /* SeriesesViewController.swift */; };
		F7BA07F71FC2F33C005F8DE5 /* SeriesesCollectionViewCell.swift in Sources */ = {isa = PBXBuildFile; fileRef = F7BA07F61FC2F33C005F8DE5 /* SeriesesCollectionViewCell.swift */; };
		F7BA07F91FC2F9D6005F8DE5 /* SearchViewController.swift in Sources */ = {isa = PBXBuildFile; fileRef = F7BA07F81FC2F9D6005F8DE5 /* SearchViewController.swift */; };
		F7BA07FB1FC339F7005F8DE5 /* MovieViewController.swift in Sources */ = {isa = PBXBuildFile; fileRef = F7BA07FA1FC339F7005F8DE5 /* MovieViewController.swift */; };
		F7F16AE71FB4B2D40031F239 /* AppDelegate.swift in Sources */ = {isa = PBXBuildFile; fileRef = F7F16AE61FB4B2D40031F239 /* AppDelegate.swift */; };
		F7F16AE91FB4B2D40031F239 /* FeaturedViewController.swift in Sources */ = {isa = PBXBuildFile; fileRef = F7F16AE81FB4B2D40031F239 /* FeaturedViewController.swift */; };
		F7F16AEC1FB4B2D40031F239 /* Main.storyboard in Resources */ = {isa = PBXBuildFile; fileRef = F7F16AEA1FB4B2D40031F239 /* Main.storyboard */; };
		F7F16AEF1FB4B2D40031F239 /* TheMovieProject.xcdatamodeld in Sources */ = {isa = PBXBuildFile; fileRef = F7F16AED1FB4B2D40031F239 /* TheMovieProject.xcdatamodeld */; };
		F7F16AF11FB4B2D40031F239 /* Assets.xcassets in Resources */ = {isa = PBXBuildFile; fileRef = F7F16AF01FB4B2D40031F239 /* Assets.xcassets */; };
		F7F16AF41FB4B2D40031F239 /* LaunchScreen.storyboard in Resources */ = {isa = PBXBuildFile; fileRef = F7F16AF21FB4B2D40031F239 /* LaunchScreen.storyboard */; };
		F7F16AFC1FB4BADF0031F239 /* Media.swift in Sources */ = {isa = PBXBuildFile; fileRef = F7F16AFB1FB4BADF0031F239 /* Media.swift */; };
		F7F16AFF1FB4BF890031F239 /* Series.swift in Sources */ = {isa = PBXBuildFile; fileRef = F7F16AFE1FB4BF890031F239 /* Series.swift */; };
		F7F16B011FB4BFE40031F239 /* Episode.swift in Sources */ = {isa = PBXBuildFile; fileRef = F7F16B001FB4BFE40031F239 /* Episode.swift */; };
		F7F16B031FB4C34F0031F239 /* Season.swift in Sources */ = {isa = PBXBuildFile; fileRef = F7F16B021FB4C34F0031F239 /* Season.swift */; };
		F7F16B061FB4C8EE0031F239 /* AppManager.swift in Sources */ = {isa = PBXBuildFile; fileRef = F7F16B051FB4C8EE0031F239 /* AppManager.swift */; };
		F7F16B081FB4CD010031F239 /* Movie.swift in Sources */ = {isa = PBXBuildFile; fileRef = F7F16B071FB4CD010031F239 /* Movie.swift */; };
		F7F16B0A1FB4D0C20031F239 /* Video.swift in Sources */ = {isa = PBXBuildFile; fileRef = F7F16B091FB4D0C20031F239 /* Video.swift */; };
		F7F16B0C1FB4D14E0031F239 /* APIHandler.swift in Sources */ = {isa = PBXBuildFile; fileRef = F7F16B0B1FB4D14E0031F239 /* APIHandler.swift */; };
/* End PBXBuildFile section */

/* Begin PBXFileReference section */
		84C0004C1FD6D16900FD5AA5 /* SeriesDefaultTableViewCell.swift */ = {isa = PBXFileReference; lastKnownFileType = sourcecode.swift; path = SeriesDefaultTableViewCell.swift; sourceTree = "<group>"; };
		84C0004E1FD6D24700FD5AA5 /* SeriesViewController.swift */ = {isa = PBXFileReference; lastKnownFileType = sourcecode.swift; path = SeriesViewController.swift; sourceTree = "<group>"; };
		84C000501FD6E89D00FD5AA5 /* SeasonViewController.swift */ = {isa = PBXFileReference; lastKnownFileType = sourcecode.swift; path = SeasonViewController.swift; sourceTree = "<group>"; };
		84C000521FD7FF1C00FD5AA5 /* SeasonDefaultTableViewCell.swift */ = {isa = PBXFileReference; lastKnownFileType = sourcecode.swift; path = SeasonDefaultTableViewCell.swift; sourceTree = "<group>"; };
		84E0593A1FD8039B003C3B72 /* EpisodeTableViewCell.swift */ = {isa = PBXFileReference; lastKnownFileType = sourcecode.swift; path = EpisodeTableViewCell.swift; sourceTree = "<group>"; };
		84FD6DA21FD443E900F46AED /* MovieDefaultTableViewCell.swift */ = {isa = PBXFileReference; lastKnownFileType = sourcecode.swift; path = MovieDefaultTableViewCell.swift; sourceTree = "<group>"; };
		F7428A671FBF57EA00980FF3 /* FeaturedResultsViewController.swift */ = {isa = PBXFileReference; lastKnownFileType = sourcecode.swift; path = FeaturedResultsViewController.swift; sourceTree = "<group>"; };
		F7428A691FBF583E00980FF3 /* FeaturedMovieTableViewCell.swift */ = {isa = PBXFileReference; lastKnownFileType = sourcecode.swift; path = FeaturedMovieTableViewCell.swift; sourceTree = "<group>"; };
		F7428A6B1FBF584C00980FF3 /* FeaturedSeriesTableViewCell.swift */ = {isa = PBXFileReference; lastKnownFileType = sourcecode.swift; path = FeaturedSeriesTableViewCell.swift; sourceTree = "<group>"; };
		F770672A1FB5978500905F97 /* Extensions.swift */ = {isa = PBXFileReference; lastKnownFileType = sourcecode.swift; path = Extensions.swift; sourceTree = "<group>"; };
		F7A11FB41FBB78C1006BAF2A /* FeaturedTableViewCell.swift */ = {isa = PBXFileReference; lastKnownFileType = sourcecode.swift; path = FeaturedTableViewCell.swift; sourceTree = "<group>"; };
		F7BA07F01FC2E5B0005F8DE5 /* MoviesViewController.swift */ = {isa = PBXFileReference; lastKnownFileType = sourcecode.swift; path = MoviesViewController.swift; sourceTree = "<group>"; };
		F7BA07F21FC2E5DE005F8DE5 /* MoviesCollectionViewCell.swift */ = {isa = PBXFileReference; lastKnownFileType = sourcecode.swift; path = MoviesCollectionViewCell.swift; sourceTree = "<group>"; };
		F7BA07F41FC2F1F2005F8DE5 /* SeriesesViewController.swift */ = {isa = PBXFileReference; lastKnownFileType = sourcecode.swift; path = SeriesesViewController.swift; sourceTree = "<group>"; };
		F7BA07F61FC2F33C005F8DE5 /* SeriesesCollectionViewCell.swift */ = {isa = PBXFileReference; lastKnownFileType = sourcecode.swift; path = SeriesesCollectionViewCell.swift; sourceTree = "<group>"; };
		F7BA07F81FC2F9D6005F8DE5 /* SearchViewController.swift */ = {isa = PBXFileReference; lastKnownFileType = sourcecode.swift; path = SearchViewController.swift; sourceTree = "<group>"; };
		F7BA07FA1FC339F7005F8DE5 /* MovieViewController.swift */ = {isa = PBXFileReference; lastKnownFileType = sourcecode.swift; path = MovieViewController.swift; sourceTree = "<group>"; };
		F7F16AE31FB4B2D40031F239 /* TheMovieProject.app */ = {isa = PBXFileReference; explicitFileType = wrapper.application; includeInIndex = 0; path = TheMovieProject.app; sourceTree = BUILT_PRODUCTS_DIR; };
		F7F16AE61FB4B2D40031F239 /* AppDelegate.swift */ = {isa = PBXFileReference; lastKnownFileType = sourcecode.swift; path = AppDelegate.swift; sourceTree = "<group>"; };
		F7F16AE81FB4B2D40031F239 /* FeaturedViewController.swift */ = {isa = PBXFileReference; lastKnownFileType = sourcecode.swift; path = FeaturedViewController.swift; sourceTree = "<group>"; };
		F7F16AEB1FB4B2D40031F239 /* Base */ = {isa = PBXFileReference; lastKnownFileType = file.storyboard; name = Base; path = Base.lproj/Main.storyboard; sourceTree = "<group>"; };
		F7F16AEE1FB4B2D40031F239 /* TheMovieProject.xcdatamodel */ = {isa = PBXFileReference; lastKnownFileType = wrapper.xcdatamodel; path = TheMovieProject.xcdatamodel; sourceTree = "<group>"; };
		F7F16AF01FB4B2D40031F239 /* Assets.xcassets */ = {isa = PBXFileReference; lastKnownFileType = folder.assetcatalog; path = Assets.xcassets; sourceTree = "<group>"; };
		F7F16AF31FB4B2D40031F239 /* Base */ = {isa = PBXFileReference; lastKnownFileType = file.storyboard; name = Base; path = Base.lproj/LaunchScreen.storyboard; sourceTree = "<group>"; };
		F7F16AF51FB4B2D40031F239 /* Info.plist */ = {isa = PBXFileReference; lastKnownFileType = text.plist.xml; path = Info.plist; sourceTree = "<group>"; };
		F7F16AFB1FB4BADF0031F239 /* Media.swift */ = {isa = PBXFileReference; lastKnownFileType = sourcecode.swift; path = Media.swift; sourceTree = "<group>"; };
		F7F16AFE1FB4BF890031F239 /* Series.swift */ = {isa = PBXFileReference; lastKnownFileType = sourcecode.swift; path = Series.swift; sourceTree = "<group>"; };
		F7F16B001FB4BFE40031F239 /* Episode.swift */ = {isa = PBXFileReference; lastKnownFileType = sourcecode.swift; path = Episode.swift; sourceTree = "<group>"; };
		F7F16B021FB4C34F0031F239 /* Season.swift */ = {isa = PBXFileReference; lastKnownFileType = sourcecode.swift; path = Season.swift; sourceTree = "<group>"; };
		F7F16B051FB4C8EE0031F239 /* AppManager.swift */ = {isa = PBXFileReference; lastKnownFileType = sourcecode.swift; path = AppManager.swift; sourceTree = "<group>"; };
		F7F16B071FB4CD010031F239 /* Movie.swift */ = {isa = PBXFileReference; lastKnownFileType = sourcecode.swift; path = Movie.swift; sourceTree = "<group>"; };
		F7F16B091FB4D0C20031F239 /* Video.swift */ = {isa = PBXFileReference; lastKnownFileType = sourcecode.swift; path = Video.swift; sourceTree = "<group>"; };
		F7F16B0B1FB4D14E0031F239 /* APIHandler.swift */ = {isa = PBXFileReference; lastKnownFileType = sourcecode.swift; path = APIHandler.swift; sourceTree = "<group>"; };
/* End PBXFileReference section */

/* Begin PBXFrameworksBuildPhase section */
		F7F16AE01FB4B2D40031F239 /* Frameworks */ = {
			isa = PBXFrameworksBuildPhase;
			buildActionMask = 2147483647;
			files = (
			);
			runOnlyForDeploymentPostprocessing = 0;
		};
/* End PBXFrameworksBuildPhase section */

/* Begin PBXGroup section */
		F75DC2661FB9FA3F00E4E24C /* Extensions */ = {
			isa = PBXGroup;
			children = (
				F770672A1FB5978500905F97 /* Extensions.swift */,
			);
			path = Extensions;
			sourceTree = "<group>";
		};
		F75DC2671FB9FA5400E4E24C /* ViewControllers */ = {
			isa = PBXGroup;
			children = (
				F7F16AE81FB4B2D40031F239 /* FeaturedViewController.swift */,
				F7428A671FBF57EA00980FF3 /* FeaturedResultsViewController.swift */,
				F7BA07F01FC2E5B0005F8DE5 /* MoviesViewController.swift */,
				F7BA07F41FC2F1F2005F8DE5 /* SeriesesViewController.swift */,
				F7BA07F81FC2F9D6005F8DE5 /* SearchViewController.swift */,
				F7BA07FA1FC339F7005F8DE5 /* MovieViewController.swift */,
				84C0004E1FD6D24700FD5AA5 /* SeriesViewController.swift */,
				84C000501FD6E89D00FD5AA5 /* SeasonViewController.swift */,
			);
			path = ViewControllers;
			sourceTree = "<group>";
		};
		F7A11FB61FBB78CC006BAF2A /* Custom Cells */ = {
			isa = PBXGroup;
			children = (
				F7A11FB41FBB78C1006BAF2A /* FeaturedTableViewCell.swift */,
				F7428A691FBF583E00980FF3 /* FeaturedMovieTableViewCell.swift */,
				F7428A6B1FBF584C00980FF3 /* FeaturedSeriesTableViewCell.swift */,
				F7BA07F21FC2E5DE005F8DE5 /* MoviesCollectionViewCell.swift */,
				F7BA07F61FC2F33C005F8DE5 /* SeriesesCollectionViewCell.swift */,
				84FD6DA21FD443E900F46AED /* MovieDefaultTableViewCell.swift */,
				84C0004C1FD6D16900FD5AA5 /* SeriesDefaultTableViewCell.swift */,
				84C000521FD7FF1C00FD5AA5 /* SeasonDefaultTableViewCell.swift */,
				84E0593A1FD8039B003C3B72 /* EpisodeTableViewCell.swift */,
			);
			path = "Custom Cells";
			sourceTree = "<group>";
		};
		F7F16ADA1FB4B2D40031F239 = {
			isa = PBXGroup;
			children = (
				F7F16AE51FB4B2D40031F239 /* TheMovieProject */,
				F7F16AE41FB4B2D40031F239 /* Products */,
			);
			sourceTree = "<group>";
		};
		F7F16AE41FB4B2D40031F239 /* Products */ = {
			isa = PBXGroup;
			children = (
				F7F16AE31FB4B2D40031F239 /* TheMovieProject.app */,
			);
			name = Products;
			sourceTree = "<group>";
		};
		F7F16AE51FB4B2D40031F239 /* TheMovieProject */ = {
			isa = PBXGroup;
			children = (
				F7F16AEA1FB4B2D40031F239 /* Main.storyboard */,
				F75DC2671FB9FA5400E4E24C /* ViewControllers */,
				F7F16AFD1FB4BF690031F239 /* Model */,
				F7F16B041FB4C8C50031F239 /* Handlers */,
				F7A11FB61FBB78CC006BAF2A /* Custom Cells */,
				F75DC2661FB9FA3F00E4E24C /* Extensions */,
				F7F16AF01FB4B2D40031F239 /* Assets.xcassets */,
				F7F16AE61FB4B2D40031F239 /* AppDelegate.swift */,
				F7F16AF21FB4B2D40031F239 /* LaunchScreen.storyboard */,
				F7F16AF51FB4B2D40031F239 /* Info.plist */,
				F7F16AED1FB4B2D40031F239 /* TheMovieProject.xcdatamodeld */,
			);
			path = TheMovieProject;
			sourceTree = "<group>";
		};
		F7F16AFD1FB4BF690031F239 /* Model */ = {
			isa = PBXGroup;
			children = (
				F7F16AFB1FB4BADF0031F239 /* Media.swift */,
				F7F16AFE1FB4BF890031F239 /* Series.swift */,
				F7F16B001FB4BFE40031F239 /* Episode.swift */,
				F7F16B021FB4C34F0031F239 /* Season.swift */,
				F7F16B071FB4CD010031F239 /* Movie.swift */,
				F7F16B091FB4D0C20031F239 /* Video.swift */,
			);
			path = Model;
			sourceTree = "<group>";
		};
		F7F16B041FB4C8C50031F239 /* Handlers */ = {
			isa = PBXGroup;
			children = (
				F7F16B051FB4C8EE0031F239 /* AppManager.swift */,
				F7F16B0B1FB4D14E0031F239 /* APIHandler.swift */,
			);
			path = Handlers;
			sourceTree = "<group>";
		};
/* End PBXGroup section */

/* Begin PBXNativeTarget section */
		F7F16AE21FB4B2D40031F239 /* TheMovieProject */ = {
			isa = PBXNativeTarget;
			buildConfigurationList = F7F16AF81FB4B2D40031F239 /* Build configuration list for PBXNativeTarget "TheMovieProject" */;
			buildPhases = (
				F7F16ADF1FB4B2D40031F239 /* Sources */,
				F7F16AE01FB4B2D40031F239 /* Frameworks */,
				F7F16AE11FB4B2D40031F239 /* Resources */,
			);
			buildRules = (
			);
			dependencies = (
			);
			name = TheMovieProject;
			productName = TheMovieProject;
			productReference = F7F16AE31FB4B2D40031F239 /* TheMovieProject.app */;
			productType = "com.apple.product-type.application";
		};
/* End PBXNativeTarget section */

/* Begin PBXProject section */
		F7F16ADB1FB4B2D40031F239 /* Project object */ = {
			isa = PBXProject;
			attributes = {
				LastSwiftUpdateCheck = 0910;
				LastUpgradeCheck = 0910;
				ORGANIZATIONNAME = "Or Dabool";
				TargetAttributes = {
					F7F16AE21FB4B2D40031F239 = {
						CreatedOnToolsVersion = 9.1;
						ProvisioningStyle = Automatic;
					};
				};
			};
			buildConfigurationList = F7F16ADE1FB4B2D40031F239 /* Build configuration list for PBXProject "TheMovieProject" */;
			compatibilityVersion = "Xcode 8.0";
			developmentRegion = en;
			hasScannedForEncodings = 0;
			knownRegions = (
				en,
				Base,
			);
			mainGroup = F7F16ADA1FB4B2D40031F239;
			productRefGroup = F7F16AE41FB4B2D40031F239 /* Products */;
			projectDirPath = "";
			projectRoot = "";
			targets = (
				F7F16AE21FB4B2D40031F239 /* TheMovieProject */,
			);
		};
/* End PBXProject section */

/* Begin PBXResourcesBuildPhase section */
		F7F16AE11FB4B2D40031F239 /* Resources */ = {
			isa = PBXResourcesBuildPhase;
			buildActionMask = 2147483647;
			files = (
				F7F16AF41FB4B2D40031F239 /* LaunchScreen.storyboard in Resources */,
				F7F16AF11FB4B2D40031F239 /* Assets.xcassets in Resources */,
				F7F16AEC1FB4B2D40031F239 /* Main.storyboard in Resources */,
			);
			runOnlyForDeploymentPostprocessing = 0;
		};
/* End PBXResourcesBuildPhase section */

/* Begin PBXSourcesBuildPhase section */
		F7F16ADF1FB4B2D40031F239 /* Sources */ = {
			isa = PBXSourcesBuildPhase;
			buildActionMask = 2147483647;
			files = (
				F7F16AEF1FB4B2D40031F239 /* TheMovieProject.xcdatamodeld in Sources */,
				84E0593B1FD8039B003C3B72 /* EpisodeTableViewCell.swift in Sources */,
				F7428A6A1FBF583E00980FF3 /* FeaturedMovieTableViewCell.swift in Sources */,
				84FD6DA31FD443E900F46AED /* MovieDefaultTableViewCell.swift in Sources */,
				84C000531FD7FF1D00FD5AA5 /* SeasonDefaultTableViewCell.swift in Sources */,
				F7F16B011FB4BFE40031F239 /* Episode.swift in Sources */,
				F7F16AE91FB4B2D40031F239 /* FeaturedViewController.swift in Sources */,
				F7F16AFC1FB4BADF0031F239 /* Media.swift in Sources */,
				F7BA07F51FC2F1F2005F8DE5 /* SeriesesViewController.swift in Sources */,
				F7F16B0C1FB4D14E0031F239 /* APIHandler.swift in Sources */,
				F7F16AE71FB4B2D40031F239 /* AppDelegate.swift in Sources */,
				F7A11FB51FBB78C1006BAF2A /* FeaturedTableViewCell.swift in Sources */,
				F7428A681FBF57EA00980FF3 /* FeaturedResultsViewController.swift in Sources */,
				F7BA07F71FC2F33C005F8DE5 /* SeriesesCollectionViewCell.swift in Sources */,
				84C0004D1FD6D16900FD5AA5 /* SeriesDefaultTableViewCell.swift in Sources */,
				F7BA07F31FC2E5DE005F8DE5 /* MoviesCollectionViewCell.swift in Sources */,
				F7F16B081FB4CD010031F239 /* Movie.swift in Sources */,
				F7BA07FB1FC339F7005F8DE5 /* MovieViewController.swift in Sources */,
				F770672B1FB5978500905F97 /* Extensions.swift in Sources */,
				F7F16B031FB4C34F0031F239 /* Season.swift in Sources */,
				84C0004F1FD6D24700FD5AA5 /* SeriesViewController.swift in Sources */,
				F7BA07F91FC2F9D6005F8DE5 /* SearchViewController.swift in Sources */,
				F7F16AFF1FB4BF890031F239 /* Series.swift in Sources */,
				F7F16B061FB4C8EE0031F239 /* AppManager.swift in Sources */,
				F7428A6C1FBF584C00980FF3 /* FeaturedSeriesTableViewCell.swift in Sources */,
				F7F16B0A1FB4D0C20031F239 /* Video.swift in Sources */,
				F7BA07F11FC2E5B0005F8DE5 /* MoviesViewController.swift in Sources */,
				84C000511FD6E89D00FD5AA5 /* SeasonViewController.swift in Sources */,
			);
			runOnlyForDeploymentPostprocessing = 0;
		};
/* End PBXSourcesBuildPhase section */

/* Begin PBXVariantGroup section */
		F7F16AEA1FB4B2D40031F239 /* Main.storyboard */ = {
			isa = PBXVariantGroup;
			children = (
				F7F16AEB1FB4B2D40031F239 /* Base */,
			);
			name = Main.storyboard;
			sourceTree = "<group>";
		};
		F7F16AF21FB4B2D40031F239 /* LaunchScreen.storyboard */ = {
			isa = PBXVariantGroup;
			children = (
				F7F16AF31FB4B2D40031F239 /* Base */,
			);
			name = LaunchScreen.storyboard;
			sourceTree = "<group>";
		};
/* End PBXVariantGroup section */

/* Begin XCBuildConfiguration section */
		F7F16AF61FB4B2D40031F239 /* Debug */ = {
			isa = XCBuildConfiguration;
			buildSettings = {
				ALWAYS_SEARCH_USER_PATHS = NO;
				CLANG_ANALYZER_NONNULL = YES;
				CLANG_ANALYZER_NUMBER_OBJECT_CONVERSION = YES_AGGRESSIVE;
				CLANG_CXX_LANGUAGE_STANDARD = "gnu++14";
				CLANG_CXX_LIBRARY = "libc++";
				CLANG_ENABLE_MODULES = YES;
				CLANG_ENABLE_OBJC_ARC = YES;
				CLANG_WARN_BLOCK_CAPTURE_AUTORELEASING = YES;
				CLANG_WARN_BOOL_CONVERSION = YES;
				CLANG_WARN_COMMA = YES;
				CLANG_WARN_CONSTANT_CONVERSION = YES;
				CLANG_WARN_DIRECT_OBJC_ISA_USAGE = YES_ERROR;
				CLANG_WARN_DOCUMENTATION_COMMENTS = YES;
				CLANG_WARN_EMPTY_BODY = YES;
				CLANG_WARN_ENUM_CONVERSION = YES;
				CLANG_WARN_INFINITE_RECURSION = YES;
				CLANG_WARN_INT_CONVERSION = YES;
				CLANG_WARN_NON_LITERAL_NULL_CONVERSION = YES;
				CLANG_WARN_OBJC_LITERAL_CONVERSION = YES;
				CLANG_WARN_OBJC_ROOT_CLASS = YES_ERROR;
				CLANG_WARN_RANGE_LOOP_ANALYSIS = YES;
				CLANG_WARN_STRICT_PROTOTYPES = YES;
				CLANG_WARN_SUSPICIOUS_MOVE = YES;
				CLANG_WARN_UNGUARDED_AVAILABILITY = YES_AGGRESSIVE;
				CLANG_WARN_UNREACHABLE_CODE = YES;
				CLANG_WARN__DUPLICATE_METHOD_MATCH = YES;
				CODE_SIGN_IDENTITY = "iPhone Developer";
				COPY_PHASE_STRIP = NO;
				DEBUG_INFORMATION_FORMAT = dwarf;
				ENABLE_STRICT_OBJC_MSGSEND = YES;
				ENABLE_TESTABILITY = YES;
				GCC_C_LANGUAGE_STANDARD = gnu11;
				GCC_DYNAMIC_NO_PIC = NO;
				GCC_NO_COMMON_BLOCKS = YES;
				GCC_OPTIMIZATION_LEVEL = 0;
				GCC_PREPROCESSOR_DEFINITIONS = (
					"DEBUG=1",
					"$(inherited)",
				);
				GCC_WARN_64_TO_32_BIT_CONVERSION = YES;
				GCC_WARN_ABOUT_RETURN_TYPE = YES_ERROR;
				GCC_WARN_UNDECLARED_SELECTOR = YES;
				GCC_WARN_UNINITIALIZED_AUTOS = YES_AGGRESSIVE;
				GCC_WARN_UNUSED_FUNCTION = YES;
				GCC_WARN_UNUSED_VARIABLE = YES;
				IPHONEOS_DEPLOYMENT_TARGET = 11.1;
				MTL_ENABLE_DEBUG_INFO = YES;
				ONLY_ACTIVE_ARCH = YES;
				SDKROOT = iphoneos;
				SWIFT_ACTIVE_COMPILATION_CONDITIONS = DEBUG;
				SWIFT_OPTIMIZATION_LEVEL = "-Onone";
			};
			name = Debug;
		};
		F7F16AF71FB4B2D40031F239 /* Release */ = {
			isa = XCBuildConfiguration;
			buildSettings = {
				ALWAYS_SEARCH_USER_PATHS = NO;
				CLANG_ANALYZER_NONNULL = YES;
				CLANG_ANALYZER_NUMBER_OBJECT_CONVERSION = YES_AGGRESSIVE;
				CLANG_CXX_LANGUAGE_STANDARD = "gnu++14";
				CLANG_CXX_LIBRARY = "libc++";
				CLANG_ENABLE_MODULES = YES;
				CLANG_ENABLE_OBJC_ARC = YES;
				CLANG_WARN_BLOCK_CAPTURE_AUTORELEASING = YES;
				CLANG_WARN_BOOL_CONVERSION = YES;
				CLANG_WARN_COMMA = YES;
				CLANG_WARN_CONSTANT_CONVERSION = YES;
				CLANG_WARN_DIRECT_OBJC_ISA_USAGE = YES_ERROR;
				CLANG_WARN_DOCUMENTATION_COMMENTS = YES;
				CLANG_WARN_EMPTY_BODY = YES;
				CLANG_WARN_ENUM_CONVERSION = YES;
				CLANG_WARN_INFINITE_RECURSION = YES;
				CLANG_WARN_INT_CONVERSION = YES;
				CLANG_WARN_NON_LITERAL_NULL_CONVERSION = YES;
				CLANG_WARN_OBJC_LITERAL_CONVERSION = YES;
				CLANG_WARN_OBJC_ROOT_CLASS = YES_ERROR;
				CLANG_WARN_RANGE_LOOP_ANALYSIS = YES;
				CLANG_WARN_STRICT_PROTOTYPES = YES;
				CLANG_WARN_SUSPICIOUS_MOVE = YES;
				CLANG_WARN_UNGUARDED_AVAILABILITY = YES_AGGRESSIVE;
				CLANG_WARN_UNREACHABLE_CODE = YES;
				CLANG_WARN__DUPLICATE_METHOD_MATCH = YES;
				CODE_SIGN_IDENTITY = "iPhone Developer";
				COPY_PHASE_STRIP = NO;
				DEBUG_INFORMATION_FORMAT = "dwarf-with-dsym";
				ENABLE_NS_ASSERTIONS = NO;
				ENABLE_STRICT_OBJC_MSGSEND = YES;
				GCC_C_LANGUAGE_STANDARD = gnu11;
				GCC_NO_COMMON_BLOCKS = YES;
				GCC_WARN_64_TO_32_BIT_CONVERSION = YES;
				GCC_WARN_ABOUT_RETURN_TYPE = YES_ERROR;
				GCC_WARN_UNDECLARED_SELECTOR = YES;
				GCC_WARN_UNINITIALIZED_AUTOS = YES_AGGRESSIVE;
				GCC_WARN_UNUSED_FUNCTION = YES;
				GCC_WARN_UNUSED_VARIABLE = YES;
				IPHONEOS_DEPLOYMENT_TARGET = 11.1;
				MTL_ENABLE_DEBUG_INFO = NO;
				SDKROOT = iphoneos;
				SWIFT_OPTIMIZATION_LEVEL = "-Owholemodule";
				VALIDATE_PRODUCT = YES;
			};
			name = Release;
		};
		F7F16AF91FB4B2D40031F239 /* Debug */ = {
			isa = XCBuildConfiguration;
			buildSettings = {
				ASSETCATALOG_COMPILER_APPICON_NAME = AppIcon;
				CODE_SIGN_STYLE = Automatic;
				INFOPLIST_FILE = TheMovieProject/Info.plist;
				LD_RUNPATH_SEARCH_PATHS = "$(inherited) @executable_path/Frameworks";
				PRODUCT_BUNDLE_IDENTIFIER = ordabool.TheMovieProject;
				PRODUCT_NAME = "$(TARGET_NAME)";
				SWIFT_VERSION = 4.0;
				TARGETED_DEVICE_FAMILY = "1,2";
			};
			name = Debug;
		};
		F7F16AFA1FB4B2D40031F239 /* Release */ = {
			isa = XCBuildConfiguration;
			buildSettings = {
				ASSETCATALOG_COMPILER_APPICON_NAME = AppIcon;
				CODE_SIGN_STYLE = Automatic;
				INFOPLIST_FILE = TheMovieProject/Info.plist;
				LD_RUNPATH_SEARCH_PATHS = "$(inherited) @executable_path/Frameworks";
				PRODUCT_BUNDLE_IDENTIFIER = ordabool.TheMovieProject;
				PRODUCT_NAME = "$(TARGET_NAME)";
				SWIFT_VERSION = 4.0;
				TARGETED_DEVICE_FAMILY = "1,2";
			};
			name = Release;
		};
/* End XCBuildConfiguration section */

/* Begin XCConfigurationList section */
		F7F16ADE1FB4B2D40031F239 /* Build configuration list for PBXProject "TheMovieProject" */ = {
			isa = XCConfigurationList;
			buildConfigurations = (
				F7F16AF61FB4B2D40031F239 /* Debug */,
				F7F16AF71FB4B2D40031F239 /* Release */,
			);
			defaultConfigurationIsVisible = 0;
			defaultConfigurationName = Release;
		};
		F7F16AF81FB4B2D40031F239 /* Build configuration list for PBXNativeTarget "TheMovieProject" */ = {
			isa = XCConfigurationList;
			buildConfigurations = (
				F7F16AF91FB4B2D40031F239 /* Debug */,
				F7F16AFA1FB4B2D40031F239 /* Release */,
			);
			defaultConfigurationIsVisible = 0;
			defaultConfigurationName = Release;
		};
/* End XCConfigurationList section */

/* Begin XCVersionGroup section */
		F7F16AED1FB4B2D40031F239 /* TheMovieProject.xcdatamodeld */ = {
			isa = XCVersionGroup;
			children = (
				F7F16AEE1FB4B2D40031F239 /* TheMovieProject.xcdatamodel */,
			);
			currentVersion = F7F16AEE1FB4B2D40031F239 /* TheMovieProject.xcdatamodel */;
			path = TheMovieProject.xcdatamodeld;
			sourceTree = "<group>";
			versionGroupType = wrapper.xcdatamodel;
		};
/* End XCVersionGroup section */
	};
	rootObject = F7F16ADB1FB4B2D40031F239 /* Project object */;
}
